Microsoft Visual Studio Solution File, Format Version 12.00
# Visual Studio Version 17
VisualStudioVersion = 17.5.2.0
MinimumVisualStudioVersion = 10.0.40219.1
Project("{FAE04EC0-301F-11D3-BF4B-00C04F79EFBC}") = "muste2", "muste2.csproj", "{B5206E46-B7BD-84E9-FDA3-A084D6A8B8F9}"
EndProject
Global
	GlobalSection(SolutionConfigurationPlatforms) = preSolution
		Debug|Any CPU = Debug|Any CPU
		Release|Any CPU = Release|Any CPU
	EndGlobalSection
	GlobalSection(ProjectConfigurationPlatforms) = postSolution
		{B5206E46-B7BD-84E9-FDA3-A084D6A8B8F9}.Debug|Any CPU.ActiveCfg = Debug|Any CPU
		{B5206E46-B7BD-84E9-FDA3-A084D6A8B8F9}.Debug|Any CPU.Build.0 = Debug|Any CPU
		{B5206E46-B7BD-84E9-FDA3-A084D6A8B8F9}.Release|Any CPU.ActiveCfg = Release|Any CPU
		{B5206E46-B7BD-84E9-FDA3-A084D6A8B8F9}.Release|Any CPU.Build.0 = Release|Any CPU
	EndGlobalSection
	GlobalSection(SolutionProperties) = preSolution
		HideSolutionNode = FALSE
	EndGlobalSection
	GlobalSection(ExtensibilityGlobals) = postSolution
		SolutionGuid = {3A2D6973-75D1-4A7F-90AD-1B5D73E9D676}
	EndGlobalSection
EndGlobal
